<Solution>
  <Project Path="TappiruServer.ApiService/TappiruServer.ApiService.csproj" />
  <Project Path="TappiruServer.AppHost/TappiruServer.AppHost.csproj" />
  <Project Path="TappiruServer.ServiceDefaults/TappiruServer.ServiceDefaults.csproj" />
  <Project Path="TappiruServer.Web/TappiruServer.Web.csproj" />
</Solution>
